
Microsoft Visual Studio Solution File, Format Version 12.00
# Visual Studio Version 17
VisualStudioVersion = 17.7.34221.43
MinimumVisualStudioVersion = 10.0.40219.1
Project("{8BC9CEB8-8B4A-11D0-8D11-00A0C91BC942}") = "hay6", "hay6\hay6.vcxproj", "{8D1B62CA-9C0E-48EC-99EB-F4E2B9689844}"
EndProject
Global
	GlobalSection(SolutionConfigurationPlatforms) = preSolution
		Debug|x64 = Debug|x64
		Debug|x86 = Debug|x86
		Release|x64 = Release|x64
		Release|x86 = Release|x86
	EndGlobalSection
	GlobalSection(ProjectConfigurationPlatforms) = postSolution
		{8D1B62CA-9C0E-48EC-99EB-F4E2B9689844}.Debug|x64.ActiveCfg = Debug|x64
		{8D1B62CA-9C0E-48EC-99EB-F4E2B9689844}.Debug|x64.Build.0 = Debug|x64
		{8D1B62CA-9C0E-48EC-99EB-F4E2B9689844}.Debug|x86.ActiveCfg = Debug|Win32
		{8D1B62CA-9C0E-48EC-99EB-F4E2B9689844}.Debug|x86.Build.0 = Debug|Win32
		{8D1B62CA-9C0E-48EC-99EB-F4E2B9689844}.Release|x64.ActiveCfg = Release|x64
		{8D1B62CA-9C0E-48EC-99EB-F4E2B9689844}.Release|x64.Build.0 = Release|x64
		{8D1B62CA-9C0E-48EC-99EB-F4E2B9689844}.Release|x86.ActiveCfg = Release|Win32
		{8D1B62CA-9C0E-48EC-99EB-F4E2B9689844}.Release|x86.Build.0 = Release|Win32
	EndGlobalSection
	GlobalSection(SolutionProperties) = preSolution
		HideSolutionNode = FALSE
	EndGlobalSection
	GlobalSection(ExtensibilityGlobals) = postSolution
		SolutionGuid = {D92AB7F6-6E3E-4842-8204-6E6289978061}
	EndGlobalSection
EndGlobal
